
Microsoft Visual Studio Solution File, Format Version 12.00
# Visual Studio Version 17
VisualStudioVersion = 17.8.34212.112
MinimumVisualStudioVersion = 10.0.40219.1
Project("{9A19103F-16F7-4668-BE54-9A1E7A4F7556}") = "MyCronJob", "MyCronJob\MyCronJob.csproj", "{B5B8DAD8-44F3-464D-B956-ACD341E4E8BD}"
EndProject
Project("{FAE04EC0-301F-11D3-BF4B-00C04F79EFBC}") = "WebApiJob", "WebApiJob\WebApiJob.csproj", "{A61A30E6-A531-4A1B-AD0F-FF7E2E41796B}"
EndProject
Global
	GlobalSection(SolutionConfigurationPlatforms) = preSolution
		Debug|Any CPU = Debug|Any CPU
		Release|Any CPU = Release|Any CPU
	EndGlobalSection
	GlobalSection(ProjectConfigurationPlatforms) = postSolution
		{B5B8DAD8-44F3-464D-B956-ACD341E4E8BD}.Debug|Any CPU.ActiveCfg = Debug|Any CPU
		{B5B8DAD8-44F3-464D-B956-ACD341E4E8BD}.Debug|Any CPU.Build.0 = Debug|Any CPU
		{B5B8DAD8-44F3-464D-B956-ACD341E4E8BD}.Release|Any CPU.ActiveCfg = Release|Any CPU
		{B5B8DAD8-44F3-464D-B956-ACD341E4E8BD}.Release|Any CPU.Build.0 = Release|Any CPU
		{A61A30E6-A531-4A1B-AD0F-FF7E2E41796B}.Debug|Any CPU.ActiveCfg = Debug|Any CPU
		{A61A30E6-A531-4A1B-AD0F-FF7E2E41796B}.Debug|Any CPU.Build.0 = Debug|Any CPU
		{A61A30E6-A531-4A1B-AD0F-FF7E2E41796B}.Release|Any CPU.ActiveCfg = Release|Any CPU
		{A61A30E6-A531-4A1B-AD0F-FF7E2E41796B}.Release|Any CPU.Build.0 = Release|Any CPU
	EndGlobalSection
	GlobalSection(SolutionProperties) = preSolution
		HideSolutionNode = FALSE
	EndGlobalSection
	GlobalSection(ExtensibilityGlobals) = postSolution
		SolutionGuid = {0B936334-8B1B-484A-9DF8-858D0CB37091}
	EndGlobalSection
EndGlobal
